# Generated by buf. DO NOT EDIT.
version: v1
deps:
  - remote: pbr.test
    owner: e2e
    repository: base
    commit: 019bdfba9e867c1284dba0557c00f29e
    digest: shake256:07e5d218cd77f50ecfda9184d18fd3c7cfdd672a8e0bd4ceb9ce9aef3315730d83b0f1df43bce9d7e212de66cb7021c68e7e98a600d4e8eefacbdca6c9d637fa
