# Generated by buf. DO NOT EDIT.
version: v1
deps:
  - remote: bsr.greatlion.tech
    owner: thegrumpylion
    repository: test-pbr
    commit: 203e4797242eb38e18bd15bc5e58b6a23ced8091
    digest: shake256:a756bdcc1a9221460f7a75d351750a196d4aa90d6468eecf0b2010eeea22847e5165940a42a94818c7ec98483d638f82b8ea5bbf412c3c2f6753019ee9ecb082
  - remote: buf.build
    owner: googleapis
    repository: googleapis
    commit: 28151c0d0a1641bf938a7672c500e01d
    digest: shake256:49215edf8ef57f7863004539deff8834cfb2195113f0b890dd1f67815d9353e28e668019165b9d872395871eeafcbab3ccfdb2b5f11734d3cca95be9e8d139de
