# Generated by buf. DO NOT EDIT.
version: v1
deps:
  - remote: pbr-example.greatlion.tech
    owner: greatliontech
    repository: protoc-gen-rtk-query
    commit: daa72aff329eceefabdbffe432f1b4b6
    digest: shake256:b186c9ccde4e247d227824625ef58be7d56c84bd7f55f0b00e744f68223f1a0a57b0c20198d4f4548539102bcb4e17102cbda51de18adc5051402b6dae58daf4
